
Microsoft Visual Studio Solution File, Format Version 12.00
# Visual Studio 15
VisualStudioVersion = 15.0.27428.2037
MinimumVisualStudioVersion = 10.0.40219.1
Project("{FAE04EC0-301F-11D3-BF4B-00C04F79EFBC}") = "AspnetCoreinAzure", "AspnetCoreinAzure\AspnetCoreinAzure.csproj", "{ADF36BA0-7007-4F61-8282-66926E58D38E}"
EndProject
Global
	GlobalSection(SolutionConfigurationPlatforms) = preSolution
		Debug|Any CPU = Debug|Any CPU
		Release|Any CPU = Release|Any CPU
	EndGlobalSection
	GlobalSection(ProjectConfigurationPlatforms) = postSolution
		{ADF36BA0-7007-4F61-8282-66926E58D38E}.Debug|Any CPU.ActiveCfg = Debug|Any CPU
		{ADF36BA0-7007-4F61-8282-66926E58D38E}.Debug|Any CPU.Build.0 = Debug|Any CPU
		{ADF36BA0-7007-4F61-8282-66926E58D38E}.Release|Any CPU.ActiveCfg = Release|Any CPU
		{ADF36BA0-7007-4F61-8282-66926E58D38E}.Release|Any CPU.Build.0 = Release|Any CPU
	EndGlobalSection
	GlobalSection(SolutionProperties) = preSolution
		HideSolutionNode = FALSE
	EndGlobalSection
	GlobalSection(ExtensibilityGlobals) = postSolution
		SolutionGuid = {F5CA483B-DA53-4E79-823B-125864F0EE8B}
	EndGlobalSection
EndGlobal
